
Microsoft Visual Studio Solution File, Format Version 12.00
# Visual Studio Version 17
VisualStudioVersion = 17.9.34728.123
MinimumVisualStudioVersion = 10.0.40219.1
Project("{FAE04EC0-301F-11D3-BF4B-00C04F79EFBC}") = "AppSimulacaoTasks", "AppSimulacaoTasks\AppSimulacaoTasks.csproj", "{D4147DFE-49D2-44FC-AFAE-57809BA2639B}"
EndProject
Global
	GlobalSection(SolutionConfigurationPlatforms) = preSolution
		Debug|Any CPU = Debug|Any CPU
		Release|Any CPU = Release|Any CPU
	EndGlobalSection
	GlobalSection(ProjectConfigurationPlatforms) = postSolution
		{D4147DFE-49D2-44FC-AFAE-57809BA2639B}.Debug|Any CPU.ActiveCfg = Debug|Any CPU
		{D4147DFE-49D2-44FC-AFAE-57809BA2639B}.Debug|Any CPU.Build.0 = Debug|Any CPU
		{D4147DFE-49D2-44FC-AFAE-57809BA2639B}.Release|Any CPU.ActiveCfg = Release|Any CPU
		{D4147DFE-49D2-44FC-AFAE-57809BA2639B}.Release|Any CPU.Build.0 = Release|Any CPU
	EndGlobalSection
	GlobalSection(SolutionProperties) = preSolution
		HideSolutionNode = FALSE
	EndGlobalSection
	GlobalSection(ExtensibilityGlobals) = postSolution
		SolutionGuid = {050B3D85-6CFD-427E-9EC3-504B5D21B80D}
	EndGlobalSection
EndGlobal
